// !$*UTF8*$!
{
	archiveVersion = 1;
	classes = {
	};
	objectVersion = 46;
	objects = {

/* Begin PBXBuildFile section */
		1D60589B0D05DD56006BFB54 /* main.m in Sources */ = {isa = PBXBuildFile; fileRef = 29B97316FDCFA39411CA2CEA /* main.m */; };
		1D60589F0D05DD5A006BFB54 /* Foundation.framework in Frameworks */ = {isa = PBXBuildFile; fileRef = 1D30AB110D05D00D00671497 /* Foundation.framework */; };
		1DF5F4E00D08C38300B7A737 /* UIKit.framework in Frameworks */ = {isa = PBXBuildFile; fileRef = 1DF5F4DF0D08C38300B7A737 /* UIKit.framework */; };
		288765A50DF7441C002DB57D /* CoreGraphics.framework in Frameworks */ = {isa = PBXBuildFile; fileRef = 288765A40DF7441C002DB57D /* CoreGraphics.framework */; };
		28D801B40F44B63D00FB423F /* CoreData.framework in Frameworks */ = {isa = PBXBuildFile; fileRef = 28D801B30F44B63D00FB423F /* CoreData.framework */; };
		C68228DF13102A6D00825EB5 /* ch03_LighttheCandleAppDelegate.m in Sources */ = {isa = PBXBuildFile; fileRef = C68228DA13102A6D00825EB5 /* ch03_LighttheCandleAppDelegate.m */; };
		C68228E013102A6D00825EB5 /* Candle.m in Sources */ = {isa = PBXBuildFile; fileRef = C68228DE13102A6D00825EB5 /* Candle.m */; };
		C68E8AD2130581C300FB5C92 /* MainWindow.xib in Resources */ = {isa = PBXBuildFile; fileRef = C68E8AD1130581C300FB5C92 /* MainWindow.xib */; };
		C68E8AD51305820500FB5C92 /* candle off.jpg in Resources */ = {isa = PBXBuildFile; fileRef = C68E8AD31305820500FB5C92 /* candle off.jpg */; };
		C68E8AD61305820500FB5C92 /* candle on.jpg in Resources */ = {isa = PBXBuildFile; fileRef = C68E8AD41305820500FB5C92 /* candle on.jpg */; };
/* End PBXBuildFile section */

/* Begin PBXFileReference section */
		1D30AB110D05D00D00671497 /* Foundation.framework */ = {isa = PBXFileReference; lastKnownFileType = wrapper.framework; name = Foundation.framework; path = System/Library/Frameworks/Foundation.framework; sourceTree = SDKROOT; };
		1D6058910D05DD3D006BFB54 /* ch03-LighttheCandle.app */ = {isa = PBXFileReference; explicitFileType = wrapper.application; includeInIndex = 0; path = "ch03-LighttheCandle.app"; sourceTree = BUILT_PRODUCTS_DIR; };
		1DF5F4DF0D08C38300B7A737 /* UIKit.framework */ = {isa = PBXFileReference; lastKnownFileType = wrapper.framework; name = UIKit.framework; path = System/Library/Frameworks/UIKit.framework; sourceTree = SDKROOT; };
		288765A40DF7441C002DB57D /* CoreGraphics.framework */ = {isa = PBXFileReference; lastKnownFileType = wrapper.framework; name = CoreGraphics.framework; path = System/Library/Frameworks/CoreGraphics.framework; sourceTree = SDKROOT; };
		28D801B30F44B63D00FB423F /* CoreData.framework */ = {isa = PBXFileReference; lastKnownFileType = wrapper.framework; name = CoreData.framework; path = System/Library/Frameworks/CoreData.framework; sourceTree = SDKROOT; };
		29B97316FDCFA39411CA2CEA /* main.m */ = {isa = PBXFileReference; fileEncoding = 4; lastKnownFileType = sourcecode.c.objc; path = main.m; sourceTree = "<group>"; };
		32CA4F630368D1EE00C91783 /* ch03_LighttheCandle_Prefix.pch */ = {isa = PBXFileReference; fileEncoding = 4; lastKnownFileType = sourcecode.c.h; path = ch03_LighttheCandle_Prefix.pch; sourceTree = "<group>"; };
		C68228D913102A6D00825EB5 /* ch03_LighttheCandleAppDelegate.h */ = {isa = PBXFileReference; fileEncoding = 4; lastKnownFileType = sourcecode.c.h; path = ch03_LighttheCandleAppDelegate.h; sourceTree = "<group>"; };
		C68228DA13102A6D00825EB5 /* ch03_LighttheCandleAppDelegate.m */ = {isa = PBXFileReference; fileEncoding = 4; lastKnownFileType = sourcecode.c.objc; path = ch03_LighttheCandleAppDelegate.m; sourceTree = "<group>"; };
		C68228DD13102A6D00825EB5 /* Candle.h */ = {isa = PBXFileReference; fileEncoding = 4; lastKnownFileType = sourcecode.c.h; path = Candle.h; sourceTree = "<group>"; };
		C68228DE13102A6D00825EB5 /* Candle.m */ = {isa = PBXFileReference; fileEncoding = 4; lastKnownFileType = sourcecode.c.objc; path = Candle.m; sourceTree = "<group>"; };
		C68E8AD1130581C300FB5C92 /* MainWindow.xib */ = {isa = PBXFileReference; lastKnownFileType = file.xib; path = MainWindow.xib; sourceTree = "<group>"; };
		C68E8AD31305820500FB5C92 /* candle off.jpg */ = {isa = PBXFileReference; lastKnownFileType = image.jpeg; path = "candle off.jpg"; sourceTree = "<group>"; };
		C68E8AD41305820500FB5C92 /* candle on.jpg */ = {isa = PBXFileReference; lastKnownFileType = image.jpeg; path = "candle on.jpg"; sourceTree = "<group>"; };
/* End PBXFileReference section */

/* Begin PBXFrameworksBuildPhase section */
		1D60588F0D05DD3D006BFB54 /* Frameworks */ = {
			isa = PBXFrameworksBuildPhase;
			buildActionMask = 2147483647;
			files = (
				1D60589F0D05DD5A006BFB54 /* Foundation.framework in Frameworks */,
				1DF5F4E00D08C38300B7A737 /* UIKit.framework in Frameworks */,
				288765A50DF7441C002DB57D /* CoreGraphics.framework in Frameworks */,
				28D801B40F44B63D00FB423F /* CoreData.framework in Frameworks */,
			);
			runOnlyForDeploymentPostprocessing = 0;
		};
/* End PBXFrameworksBuildPhase section */

/* Begin PBXGroup section */
		19C28FACFE9D520D11CA2CBB /* Products */ = {
			isa = PBXGroup;
			children = (
				1D6058910D05DD3D006BFB54 /* ch03-LighttheCandle.app */,
			);
			name = Products;
			sourceTree = "<group>";
		};
		29B97314FDCFA39411CA2CEA /* CustomTemplate */ = {
			isa = PBXGroup;
			children = (
				C68228D713102A6D00825EB5 /* Classes */,
				C68E8ACE130581C300FB5C92 /* Resources */,
				29B97315FDCFA39411CA2CEA /* Other Sources */,
				29B97323FDCFA39411CA2CEA /* Frameworks */,
				19C28FACFE9D520D11CA2CBB /* Products */,
			);
			name = CustomTemplate;
			sourceTree = "<group>";
		};
		29B97315FDCFA39411CA2CEA /* Other Sources */ = {
			isa = PBXGroup;
			children = (
				32CA4F630368D1EE00C91783 /* ch03_LighttheCandle_Prefix.pch */,
				29B97316FDCFA39411CA2CEA /* main.m */,
			);
			name = "Other Sources";
			sourceTree = "<group>";
		};
		29B97323FDCFA39411CA2CEA /* Frameworks */ = {
			isa = PBXGroup;
			children = (
				1DF5F4DF0D08C38300B7A737 /* UIKit.framework */,
				1D30AB110D05D00D00671497 /* Foundation.framework */,
				288765A40DF7441C002DB57D /* CoreGraphics.framework */,
				28D801B30F44B63D00FB423F /* CoreData.framework */,
			);
			name = Frameworks;
			sourceTree = "<group>";
		};
		C68228D713102A6D00825EB5 /* Classes */ = {
			isa = PBXGroup;
			children = (
				C68228D813102A6D00825EB5 /* AppDelegate */,
				C68228DB13102A6D00825EB5 /* Controllers */,
				C68228DC13102A6D00825EB5 /* Models */,
			);
			path = Classes;
			sourceTree = "<group>";
		};
		C68228D813102A6D00825EB5 /* AppDelegate */ = {
			isa = PBXGroup;
			children = (
				C68228D913102A6D00825EB5 /* ch03_LighttheCandleAppDelegate.h */,
				C68228DA13102A6D00825EB5 /* ch03_LighttheCandleAppDelegate.m */,
			);
			path = AppDelegate;
			sourceTree = "<group>";
		};
		C68228DB13102A6D00825EB5 /* Controllers */ = {
			isa = PBXGroup;
			children = (
			);
			path = Controllers;
			sourceTree = "<group>";
		};
		C68228DC13102A6D00825EB5 /* Models */ = {
			isa = PBXGroup;
			children = (
				C68228DD13102A6D00825EB5 /* Candle.h */,
				C68228DE13102A6D00825EB5 /* Candle.m */,
			);
			path = Models;
			sourceTree = "<group>";
		};
		C68E8ACE130581C300FB5C92 /* Resources */ = {
			isa = PBXGroup;
			children = (
				C68E8ACF130581C300FB5C92 /* Images */,
				C68E8AD0130581C300FB5C92 /* NIBs */,
			);
			path = Resources;
			sourceTree = "<group>";
		};
		C68E8ACF130581C300FB5C92 /* Images */ = {
			isa = PBXGroup;
			children = (
				C68E8AD31305820500FB5C92 /* candle off.jpg */,
				C68E8AD41305820500FB5C92 /* candle on.jpg */,
			);
			path = Images;
			sourceTree = "<group>";
		};
		C68E8AD0130581C300FB5C92 /* NIBs */ = {
			isa = PBXGroup;
			children = (
				C68E8AD1130581C300FB5C92 /* MainWindow.xib */,
			);
			path = NIBs;
			sourceTree = "<group>";
		};
/* End PBXGroup section */

/* Begin PBXNativeTarget section */
		1D6058900D05DD3D006BFB54 /* ch03-LighttheCandle */ = {
			isa = PBXNativeTarget;
			buildConfigurationList = 1D6058960D05DD3E006BFB54 /* Build configuration list for PBXNativeTarget "ch03-LighttheCandle" */;
			buildPhases = (
				1D60588D0D05DD3D006BFB54 /* Resources */,
				1D60588E0D05DD3D006BFB54 /* Sources */,
				1D60588F0D05DD3D006BFB54 /* Frameworks */,
			);
			buildRules = (
			);
			dependencies = (
			);
			name = "ch03-LighttheCandle";
			productName = "ch03-LighttheCandle";
			productReference = 1D6058910D05DD3D006BFB54 /* ch03-LighttheCandle.app */;
			productType = "com.apple.product-type.application";
		};
/* End PBXNativeTarget section */

/* Begin PBXProject section */
		29B97313FDCFA39411CA2CEA /* Project object */ = {
			isa = PBXProject;
			buildConfigurationList = C01FCF4E08A954540054247B /* Build configuration list for PBXProject "ch03-LighttheCandle" */;
			compatibilityVersion = "Xcode 3.2";
			developmentRegion = English;
			hasScannedForEncodings = 1;
			knownRegions = (
				English,
				Japanese,
				French,
				German,
			);
			mainGroup = 29B97314FDCFA39411CA2CEA /* CustomTemplate */;
			projectDirPath = "";
			projectRoot = "";
			targets = (
				1D6058900D05DD3D006BFB54 /* ch03-LighttheCandle */,
			);
		};
/* End PBXProject section */

/* Begin PBXResourcesBuildPhase section */
		1D60588D0D05DD3D006BFB54 /* Resources */ = {
			isa = PBXResourcesBuildPhase;
			buildActionMask = 2147483647;
			files = (
				C68E8AD2130581C300FB5C92 /* MainWindow.xib in Resources */,
				C68E8AD51305820500FB5C92 /* candle off.jpg in Resources */,
				C68E8AD61305820500FB5C92 /* candle on.jpg in Resources */,
			);
			runOnlyForDeploymentPostprocessing = 0;
		};
/* End PBXResourcesBuildPhase section */

/* Begin PBXSourcesBuildPhase section */
		1D60588E0D05DD3D006BFB54 /* Sources */ = {
			isa = PBXSourcesBuildPhase;
			buildActionMask = 2147483647;
			files = (
				1D60589B0D05DD56006BFB54 /* main.m in Sources */,
				C68228DF13102A6D00825EB5 /* ch03_LighttheCandleAppDelegate.m in Sources */,
				C68228E013102A6D00825EB5 /* Candle.m in Sources */,
			);
			runOnlyForDeploymentPostprocessing = 0;
		};
/* End PBXSourcesBuildPhase section */

/* Begin XCBuildConfiguration section */
		1D6058940D05DD3E006BFB54 /* Debug */ = {
			isa = XCBuildConfiguration;
			buildSettings = {
				ALWAYS_SEARCH_USER_PATHS = NO;
				COPY_PHASE_STRIP = NO;
				GCC_DYNAMIC_NO_PIC = NO;
				GCC_OPTIMIZATION_LEVEL = 0;
				GCC_PRECOMPILE_PREFIX_HEADER = YES;
				GCC_PREFIX_HEADER = ch03_LighttheCandle_Prefix.pch;
				INFOPLIST_FILE = "ch03_LighttheCandle-Info.plist";
				PRODUCT_NAME = "ch03-LighttheCandle";
			};
			name = Debug;
		};
		1D6058950D05DD3E006BFB54 /* Release */ = {
			isa = XCBuildConfiguration;
			buildSettings = {
				ALWAYS_SEARCH_USER_PATHS = NO;
				COPY_PHASE_STRIP = YES;
				GCC_PRECOMPILE_PREFIX_HEADER = YES;
				GCC_PREFIX_HEADER = ch03_LighttheCandle_Prefix.pch;
				INFOPLIST_FILE = "ch03_LighttheCandle-Info.plist";
				PRODUCT_NAME = "ch03-LighttheCandle";
				VALIDATE_PRODUCT = YES;
			};
			name = Release;
		};
		C01FCF4F08A954540054247B /* Debug */ = {
			isa = XCBuildConfiguration;
			buildSettings = {
				ARCHS = "$(ARCHS_STANDARD_32_BIT)";
				"CODE_SIGN_IDENTITY[sdk=iphoneos*]" = "iPhone Developer";
				GCC_C_LANGUAGE_STANDARD = c99;
				GCC_WARN_ABOUT_RETURN_TYPE = YES;
				GCC_WARN_UNUSED_VARIABLE = YES;
				PREBINDING = NO;
				SDKROOT = iphoneos;
			};
			name = Debug;
		};
		C01FCF5008A954540054247B /* Release */ = {
			isa = XCBuildConfiguration;
			buildSettings = {
				ARCHS = "$(ARCHS_STANDARD_32_BIT)";
				"CODE_SIGN_IDENTITY[sdk=iphoneos*]" = "iPhone Developer";
				GCC_C_LANGUAGE_STANDARD = c99;
				GCC_WARN_ABOUT_RETURN_TYPE = YES;
				GCC_WARN_UNUSED_VARIABLE = YES;
				OTHER_CFLAGS = "-DNS_BLOCK_ASSERTIONS=1";
				PREBINDING = NO;
				SDKROOT = iphoneos;
			};
			name = Release;
		};
/* End XCBuildConfiguration section */

/* Begin XCConfigurationList section */
		1D6058960D05DD3E006BFB54 /* Build configuration list for PBXNativeTarget "ch03-LighttheCandle" */ = {
			isa = XCConfigurationList;
			buildConfigurations = (
				1D6058940D05DD3E006BFB54 /* Debug */,
				1D6058950D05DD3E006BFB54 /* Release */,
			);
			defaultConfigurationIsVisible = 0;
			defaultConfigurationName = Release;
		};
		C01FCF4E08A954540054247B /* Build configuration list for PBXProject "ch03-LighttheCandle" */ = {
			isa = XCConfigurationList;
			buildConfigurations = (
				C01FCF4F08A954540054247B /* Debug */,
				C01FCF5008A954540054247B /* Release */,
			);
			defaultConfigurationIsVisible = 0;
			defaultConfigurationName = Release;
		};
/* End XCConfigurationList section */
	};
	rootObject = 29B97313FDCFA39411CA2CEA /* Project object */;
}
